// !$*UTF8*$!
{
	archiveVersion = 1;
	classes = {
	};
	objectVersion = 50;
	objects = {

/* Begin PBXBuildFile section */
		5DC4F9DD23644F7300B5A18A /* AppDelegate.swift in Sources */ = {isa = PBXBuildFile; fileRef = 5DC4F9DC23644F7300B5A18A /* AppDelegate.swift */; };
		5DC4F9DF23644F7300B5A18A /* ViewController.swift in Sources */ = {isa = PBXBuildFile; fileRef = 5DC4F9DE23644F7300B5A18A /* ViewController.swift */; };
		5DC4F9E223644F7300B5A18A /* Main.storyboard in Resources */ = {isa = PBXBuildFile; fileRef = 5DC4F9E023644F7300B5A18A /* Main.storyboard */; };
		5DC4F9E423644F7400B5A18A /* Assets.xcassets in Resources */ = {isa = PBXBuildFile; fileRef = 5DC4F9E323644F7400B5A18A /* Assets.xcassets */; };
		5DC4F9E723644F7400B5A18A /* LaunchScreen.storyboard in Resources */ = {isa = PBXBuildFile; fileRef = 5DC4F9E523644F7400B5A18A /* LaunchScreen.storyboard */; };
		B723C5CBE2CDDEADDF1145F1 /* libPods-SafetyRoute.a in Frameworks */ = {isa = PBXBuildFile; fileRef = 94FC607EB87F0966D54A5AB5 /* libPods-SafetyRoute.a */; };
/* End PBXBuildFile section */

/* Begin PBXFileReference section */
		5DC4F9D923644F7300B5A18A /* SafetyRoute.app */ = {isa = PBXFileReference; explicitFileType = wrapper.application; includeInIndex = 0; path = SafetyRoute.app; sourceTree = BUILT_PRODUCTS_DIR; };
		5DC4F9DC23644F7300B5A18A /* AppDelegate.swift */ = {isa = PBXFileReference; lastKnownFileType = sourcecode.swift; path = AppDelegate.swift; sourceTree = "<group>"; };
		5DC4F9DE23644F7300B5A18A /* ViewController.swift */ = {isa = PBXFileReference; lastKnownFileType = sourcecode.swift; path = ViewController.swift; sourceTree = "<group>"; };
		5DC4F9E123644F7300B5A18A /* Base */ = {isa = PBXFileReference; lastKnownFileType = file.storyboard; name = Base; path = Base.lproj/Main.storyboard; sourceTree = "<group>"; };
		5DC4F9E323644F7400B5A18A /* Assets.xcassets */ = {isa = PBXFileReference; lastKnownFileType = folder.assetcatalog; path = Assets.xcassets; sourceTree = "<group>"; };
		5DC4F9E623644F7400B5A18A /* Base */ = {isa = PBXFileReference; lastKnownFileType = file.storyboard; name = Base; path = Base.lproj/LaunchScreen.storyboard; sourceTree = "<group>"; };
		5DC4F9E823644F7400B5A18A /* Info.plist */ = {isa = PBXFileReference; lastKnownFileType = text.plist.xml; path = Info.plist; sourceTree = "<group>"; };
		94FC607EB87F0966D54A5AB5 /* libPods-SafetyRoute.a */ = {isa = PBXFileReference; explicitFileType = archive.ar; includeInIndex = 0; path = "libPods-SafetyRoute.a"; sourceTree = BUILT_PRODUCTS_DIR; };
		A513114A4C8A57C615FED6B3 /* Pods-SafetyRoute.debug.xcconfig */ = {isa = PBXFileReference; includeInIndex = 1; lastKnownFileType = text.xcconfig; name = "Pods-SafetyRoute.debug.xcconfig"; path = "Target Support Files/Pods-SafetyRoute/Pods-SafetyRoute.debug.xcconfig"; sourceTree = "<group>"; };
		D93BAAADBDEB407FB9A9F90F /* Pods-SafetyRoute.release.xcconfig */ = {isa = PBXFileReference; includeInIndex = 1; lastKnownFileType = text.xcconfig; name = "Pods-SafetyRoute.release.xcconfig"; path = "Target Support Files/Pods-SafetyRoute/Pods-SafetyRoute.release.xcconfig"; sourceTree = "<group>"; };
/* End PBXFileReference section */

/* Begin PBXFrameworksBuildPhase section */
		5DC4F9D623644F7300B5A18A /* Frameworks */ = {
			isa = PBXFrameworksBuildPhase;
			buildActionMask = 2147483647;
			files = (
				B723C5CBE2CDDEADDF1145F1 /* libPods-SafetyRoute.a in Frameworks */,
			);
			runOnlyForDeploymentPostprocessing = 0;
		};
/* End PBXFrameworksBuildPhase section */

/* Begin PBXGroup section */
		5DC4F9D023644F7300B5A18A = {
			isa = PBXGroup;
			children = (
				5DC4F9DB23644F7300B5A18A /* SafetyRoute */,
				5DC4F9DA23644F7300B5A18A /* Products */,
				74D6C10E099DC17727502A91 /* Pods */,
				798EF84EE4EC043280951C61 /* Frameworks */,
			);
			sourceTree = "<group>";
		};
		5DC4F9DA23644F7300B5A18A /* Products */ = {
			isa = PBXGroup;
			children = (
				5DC4F9D923644F7300B5A18A /* SafetyRoute.app */,
			);
			name = Products;
			sourceTree = "<group>";
		};
		5DC4F9DB23644F7300B5A18A /* SafetyRoute */ = {
			isa = PBXGroup;
			children = (
				5DC4F9DC23644F7300B5A18A /* AppDelegate.swift */,
				5DC4F9DE23644F7300B5A18A /* ViewController.swift */,
				5DC4F9E023644F7300B5A18A /* Main.storyboard */,
				5DC4F9E323644F7400B5A18A /* Assets.xcassets */,
				5DC4F9E523644F7400B5A18A /* LaunchScreen.storyboard */,
				5DC4F9E823644F7400B5A18A /* Info.plist */,
			);
			path = SafetyRoute;
			sourceTree = "<group>";
		};
		74D6C10E099DC17727502A91 /* Pods */ = {
			isa = PBXGroup;
			children = (
				A513114A4C8A57C615FED6B3 /* Pods-SafetyRoute.debug.xcconfig */,
				D93BAAADBDEB407FB9A9F90F /* Pods-SafetyRoute.release.xcconfig */,
			);
			name = Pods;
			path = Pods;
			sourceTree = "<group>";
		};
		798EF84EE4EC043280951C61 /* Frameworks */ = {
			isa = PBXGroup;
			children = (
				94FC607EB87F0966D54A5AB5 /* libPods-SafetyRoute.a */,
			);
			name = Frameworks;
			sourceTree = "<group>";
		};
/* End PBXGroup section */

/* Begin PBXNativeTarget section */
		5DC4F9D823644F7300B5A18A /* SafetyRoute */ = {
			isa = PBXNativeTarget;
			buildConfigurationList = 5DC4F9EB23644F7400B5A18A /* Build configuration list for PBXNativeTarget "SafetyRoute" */;
			buildPhases = (
				DC797CD3B0BE4BA6347211C2 /* [CP] Check Pods Manifest.lock */,
				5DC4F9D523644F7300B5A18A /* Sources */,
				5DC4F9D623644F7300B5A18A /* Frameworks */,
				5DC4F9D723644F7300B5A18A /* Resources */,
				BB5E0950E0E7A0D9E87E20DC /* [CP] Copy Pods Resources */,
			);
			buildRules = (
			);
			dependencies = (
			);
			name = SafetyRoute;
			productName = SafetyRoute;
			productReference = 5DC4F9D923644F7300B5A18A /* SafetyRoute.app */;
			productType = "com.apple.product-type.application";
		};
/* End PBXNativeTarget section */

/* Begin PBXProject section */
		5DC4F9D123644F7300B5A18A /* Project object */ = {
			isa = PBXProject;
			attributes = {
				LastSwiftUpdateCheck = 1020;
				LastUpgradeCheck = 1020;
				ORGANIZATIONNAME = "Namratha Prithviraj";
				TargetAttributes = {
					5DC4F9D823644F7300B5A18A = {
						CreatedOnToolsVersion = 10.2.1;
					};
				};
			};
			buildConfigurationList = 5DC4F9D423644F7300B5A18A /* Build configuration list for PBXProject "SafetyRoute" */;
			compatibilityVersion = "Xcode 9.3";
			developmentRegion = en;
			hasScannedForEncodings = 0;
			knownRegions = (
				en,
				Base,
			);
			mainGroup = 5DC4F9D023644F7300B5A18A;
			productRefGroup = 5DC4F9DA23644F7300B5A18A /* Products */;
			projectDirPath = "";
			projectRoot = "";
			targets = (
				5DC4F9D823644F7300B5A18A /* SafetyRoute */,
			);
		};
/* End PBXProject section */

/* Begin PBXResourcesBuildPhase section */
		5DC4F9D723644F7300B5A18A /* Resources */ = {
			isa = PBXResourcesBuildPhase;
			buildActionMask = 2147483647;
			files = (
				5DC4F9E723644F7400B5A18A /* LaunchScreen.storyboard in Resources */,
				5DC4F9E423644F7400B5A18A /* Assets.xcassets in Resources */,
				5DC4F9E223644F7300B5A18A /* Main.storyboard in Resources */,
			);
			runOnlyForDeploymentPostprocessing = 0;
		};
/* End PBXResourcesBuildPhase section */

/* Begin PBXShellScriptBuildPhase section */
		BB5E0950E0E7A0D9E87E20DC /* [CP] Copy Pods Resources */ = {
			isa = PBXShellScriptBuildPhase;
			buildActionMask = 2147483647;
			files = (
			);
			inputFileListPaths = (
				"${PODS_ROOT}/Target Support Files/Pods-SafetyRoute/Pods-SafetyRoute-resources-${CONFIGURATION}-input-files.xcfilelist",
			);
			name = "[CP] Copy Pods Resources";
			outputFileListPaths = (
				"${PODS_ROOT}/Target Support Files/Pods-SafetyRoute/Pods-SafetyRoute-resources-${CONFIGURATION}-output-files.xcfilelist",
			);
			runOnlyForDeploymentPostprocessing = 0;
			shellPath = /bin/sh;
			shellScript = "\"${PODS_ROOT}/Target Support Files/Pods-SafetyRoute/Pods-SafetyRoute-resources.sh\"\n";
			showEnvVarsInLog = 0;
		};
		DC797CD3B0BE4BA6347211C2 /* [CP] Check Pods Manifest.lock */ = {
			isa = PBXShellScriptBuildPhase;
			buildActionMask = 2147483647;
			files = (
			);
			inputFileListPaths = (
			);
			inputPaths = (
				"${PODS_PODFILE_DIR_PATH}/Podfile.lock",
				"${PODS_ROOT}/Manifest.lock",
			);
			name = "[CP] Check Pods Manifest.lock";
			outputFileListPaths = (
			);
			outputPaths = (
				"$(DERIVED_FILE_DIR)/Pods-SafetyRoute-checkManifestLockResult.txt",
			);
			runOnlyForDeploymentPostprocessing = 0;
			shellPath = /bin/sh;
			shellScript = "diff \"${PODS_PODFILE_DIR_PATH}/Podfile.lock\" \"${PODS_ROOT}/Manifest.lock\" > /dev/null\nif [ $? != 0 ] ; then\n    # print error to STDERR\n    echo \"error: The sandbox is not in sync with the Podfile.lock. Run 'pod install' or update your CocoaPods installation.\" >&2\n    exit 1\nfi\n# This output is used by Xcode 'outputs' to avoid re-running this script phase.\necho \"SUCCESS\" > \"${SCRIPT_OUTPUT_FILE_0}\"\n";
			showEnvVarsInLog = 0;
		};
/* End PBXShellScriptBuildPhase section */

/* Begin PBXSourcesBuildPhase section */
		5DC4F9D523644F7300B5A18A /* Sources */ = {
			isa = PBXSourcesBuildPhase;
			buildActionMask = 2147483647;
			files = (
				5DC4F9DF23644F7300B5A18A /* ViewController.swift in Sources */,
				5DC4F9DD23644F7300B5A18A /* AppDelegate.swift in Sources */,
			);
			runOnlyForDeploymentPostprocessing = 0;
		};
/* End PBXSourcesBuildPhase section */

/* Begin PBXVariantGroup section */
		5DC4F9E023644F7300B5A18A /* Main.storyboard */ = {
			isa = PBXVariantGroup;
			children = (
				5DC4F9E123644F7300B5A18A /* Base */,
			);
			name = Main.storyboard;
			sourceTree = "<group>";
		};
		5DC4F9E523644F7400B5A18A /* LaunchScreen.storyboard */ = {
			isa = PBXVariantGroup;
			children = (
				5DC4F9E623644F7400B5A18A /* Base */,
			);
			name = LaunchScreen.storyboard;
			sourceTree = "<group>";
		};
/* End PBXVariantGroup section */

/* Begin XCBuildConfiguration section */
		5DC4F9E923644F7400B5A18A /* Debug */ = {
			isa = XCBuildConfiguration;
			buildSettings = {
				ALWAYS_SEARCH_USER_PATHS = NO;
				CLANG_ANALYZER_NONNULL = YES;
				CLANG_ANALYZER_NUMBER_OBJECT_CONVERSION = YES_AGGRESSIVE;
				CLANG_CXX_LANGUAGE_STANDARD = "gnu++14";
				CLANG_CXX_LIBRARY = "libc++";
				CLANG_ENABLE_MODULES = YES;
				CLANG_ENABLE_OBJC_ARC = YES;
				CLANG_ENABLE_OBJC_WEAK = YES;
				CLANG_WARN_BLOCK_CAPTURE_AUTORELEASING = YES;
				CLANG_WARN_BOOL_CONVERSION = YES;
				CLANG_WARN_COMMA = YES;
				CLANG_WARN_CONSTANT_CONVERSION = YES;
				CLANG_WARN_DEPRECATED_OBJC_IMPLEMENTATIONS = YES;
				CLANG_WARN_DIRECT_OBJC_ISA_USAGE = YES_ERROR;
				CLANG_WARN_DOCUMENTATION_COMMENTS = YES;
				CLANG_WARN_EMPTY_BODY = YES;
				CLANG_WARN_ENUM_CONVERSION = YES;
				CLANG_WARN_INFINITE_RECURSION = YES;
				CLANG_WARN_INT_CONVERSION = YES;
				CLANG_WARN_NON_LITERAL_NULL_CONVERSION = YES;
				CLANG_WARN_OBJC_IMPLICIT_RETAIN_SELF = YES;
				CLANG_WARN_OBJC_LITERAL_CONVERSION = YES;
				CLANG_WARN_OBJC_ROOT_CLASS = YES_ERROR;
				CLANG_WARN_RANGE_LOOP_ANALYSIS = YES;
				CLANG_WARN_STRICT_PROTOTYPES = YES;
				CLANG_WARN_SUSPICIOUS_MOVE = YES;
				CLANG_WARN_UNGUARDED_AVAILABILITY = YES_AGGRESSIVE;
				CLANG_WARN_UNREACHABLE_CODE = YES;
				CLANG_WARN__DUPLICATE_METHOD_MATCH = YES;
				CODE_SIGN_IDENTITY = "iPhone Developer";
				COPY_PHASE_STRIP = NO;
				DEBUG_INFORMATION_FORMAT = dwarf;
				ENABLE_STRICT_OBJC_MSGSEND = YES;
				ENABLE_TESTABILITY = YES;
				GCC_C_LANGUAGE_STANDARD = gnu11;
				GCC_DYNAMIC_NO_PIC = NO;
				GCC_NO_COMMON_BLOCKS = YES;
				GCC_OPTIMIZATION_LEVEL = 0;
				GCC_PREPROCESSOR_DEFINITIONS = (
					"DEBUG=1",
					"$(inherited)",
				);
				GCC_WARN_64_TO_32_BIT_CONVERSION = YES;
				GCC_WARN_ABOUT_RETURN_TYPE = YES_ERROR;
				GCC_WARN_UNDECLARED_SELECTOR = YES;
				GCC_WARN_UNINITIALIZED_AUTOS = YES_AGGRESSIVE;
				GCC_WARN_UNUSED_FUNCTION = YES;
				GCC_WARN_UNUSED_VARIABLE = YES;
				IPHONEOS_DEPLOYMENT_TARGET = 12.2;
				MTL_ENABLE_DEBUG_INFO = INCLUDE_SOURCE;
				MTL_FAST_MATH = YES;
				ONLY_ACTIVE_ARCH = YES;
				SDKROOT = iphoneos;
				SWIFT_ACTIVE_COMPILATION_CONDITIONS = DEBUG;
				SWIFT_OPTIMIZATION_LEVEL = "-Onone";
			};
			name = Debug;
		};
		5DC4F9EA23644F7400B5A18A /* Release */ = {
			isa = XCBuildConfiguration;
			buildSettings = {
				ALWAYS_SEARCH_USER_PATHS = NO;
				CLANG_ANALYZER_NONNULL = YES;
				CLANG_ANALYZER_NUMBER_OBJECT_CONVERSION = YES_AGGRESSIVE;
				CLANG_CXX_LANGUAGE_STANDARD = "gnu++14";
				CLANG_CXX_LIBRARY = "libc++";
				CLANG_ENABLE_MODULES = YES;
				CLANG_ENABLE_OBJC_ARC = YES;
				CLANG_ENABLE_OBJC_WEAK = YES;
				CLANG_WARN_BLOCK_CAPTURE_AUTORELEASING = YES;
				CLANG_WARN_BOOL_CONVERSION = YES;
				CLANG_WARN_COMMA = YES;
				CLANG_WARN_CONSTANT_CONVERSION = YES;
				CLANG_WARN_DEPRECATED_OBJC_IMPLEMENTATIONS = YES;
				CLANG_WARN_DIRECT_OBJC_ISA_USAGE = YES_ERROR;
				CLANG_WARN_DOCUMENTATION_COMMENTS = YES;
				CLANG_WARN_EMPTY_BODY = YES;
				CLANG_WARN_ENUM_CONVERSION = YES;
				CLANG_WARN_INFINITE_RECURSION = YES;
				CLANG_WARN_INT_CONVERSION = YES;
				CLANG_WARN_NON_LITERAL_NULL_CONVERSION = YES;
				CLANG_WARN_OBJC_IMPLICIT_RETAIN_SELF = YES;
				CLANG_WARN_OBJC_LITERAL_CONVERSION = YES;
				CLANG_WARN_OBJC_ROOT_CLASS = YES_ERROR;
				CLANG_WARN_RANGE_LOOP_ANALYSIS = YES;
				CLANG_WARN_STRICT_PROTOTYPES = YES;
				CLANG_WARN_SUSPICIOUS_MOVE = YES;
				CLANG_WARN_UNGUARDED_AVAILABILITY = YES_AGGRESSIVE;
				CLANG_WARN_UNREACHABLE_CODE = YES;
				CLANG_WARN__DUPLICATE_METHOD_MATCH = YES;
				CODE_SIGN_IDENTITY = "iPhone Developer";
				COPY_PHASE_STRIP = NO;
				DEBUG_INFORMATION_FORMAT = "dwarf-with-dsym";
				ENABLE_NS_ASSERTIONS = NO;
				ENABLE_STRICT_OBJC_MSGSEND = YES;
				GCC_C_LANGUAGE_STANDARD = gnu11;
				GCC_NO_COMMON_BLOCKS = YES;
				GCC_WARN_64_TO_32_BIT_CONVERSION = YES;
				GCC_WARN_ABOUT_RETURN_TYPE = YES_ERROR;
				GCC_WARN_UNDECLARED_SELECTOR = YES;
				GCC_WARN_UNINITIALIZED_AUTOS = YES_AGGRESSIVE;
				GCC_WARN_UNUSED_FUNCTION = YES;
				GCC_WARN_UNUSED_VARIABLE = YES;
				IPHONEOS_DEPLOYMENT_TARGET = 12.2;
				MTL_ENABLE_DEBUG_INFO = NO;
				MTL_FAST_MATH = YES;
				SDKROOT = iphoneos;
				SWIFT_COMPILATION_MODE = wholemodule;
				SWIFT_OPTIMIZATION_LEVEL = "-O";
				VALIDATE_PRODUCT = YES;
			};
			name = Release;
		};
		5DC4F9EC23644F7400B5A18A /* Debug */ = {
			isa = XCBuildConfiguration;
			baseConfigurationReference = A513114A4C8A57C615FED6B3 /* Pods-SafetyRoute.debug.xcconfig */;
			buildSettings = {
				ASSETCATALOG_COMPILER_APPICON_NAME = AppIcon;
				CODE_SIGN_STYLE = Automatic;
				DEVELOPMENT_TEAM = 96P4XHDVG4;
				INFOPLIST_FILE = SafetyRoute/Info.plist;
				LD_RUNPATH_SEARCH_PATHS = (
					"$(inherited)",
					"@executable_path/Frameworks",
				);
				PRODUCT_BUNDLE_IDENTIFIER = com.safetyroute.SafetyRoute;
				PRODUCT_NAME = "$(TARGET_NAME)";
				SWIFT_VERSION = 5.0;
				TARGETED_DEVICE_FAMILY = "1,2";
			};
			name = Debug;
		};
		5DC4F9ED23644F7400B5A18A /* Release */ = {
			isa = XCBuildConfiguration;
			baseConfigurationReference = D93BAAADBDEB407FB9A9F90F /* Pods-SafetyRoute.release.xcconfig */;
			buildSettings = {
				ASSETCATALOG_COMPILER_APPICON_NAME = AppIcon;
				CODE_SIGN_STYLE = Automatic;
				DEVELOPMENT_TEAM = 96P4XHDVG4;
				INFOPLIST_FILE = SafetyRoute/Info.plist;
				LD_RUNPATH_SEARCH_PATHS = (
					"$(inherited)",
					"@executable_path/Frameworks",
				);
				PRODUCT_BUNDLE_IDENTIFIER = com.safetyroute.SafetyRoute;
				PRODUCT_NAME = "$(TARGET_NAME)";
				SWIFT_VERSION = 5.0;
				TARGETED_DEVICE_FAMILY = "1,2";
			};
			name = Release;
		};
/* End XCBuildConfiguration section */

/* Begin XCConfigurationList section */
		5DC4F9D423644F7300B5A18A /* Build configuration list for PBXProject "SafetyRoute" */ = {
			isa = XCConfigurationList;
			buildConfigurations = (
				5DC4F9E923644F7400B5A18A /* Debug */,
				5DC4F9EA23644F7400B5A18A /* Release */,
			);
			defaultConfigurationIsVisible = 0;
			defaultConfigurationName = Release;
		};
		5DC4F9EB23644F7400B5A18A /* Build configuration list for PBXNativeTarget "SafetyRoute" */ = {
			isa = XCConfigurationList;
			buildConfigurations = (
				5DC4F9EC23644F7400B5A18A /* Debug */,
				5DC4F9ED23644F7400B5A18A /* Release */,
			);
			defaultConfigurationIsVisible = 0;
			defaultConfigurationName = Release;
		};
/* End XCConfigurationList section */
	};
	rootObject = 5DC4F9D123644F7300B5A18A /* Project object */;
}
